// !$*UTF8*$!
{
	archiveVersion = 1;
	classes = {
	};
	objectVersion = 46;
	objects = {

/* Begin PBXBuildFile section */
		270D0C2219C7DBBB003922CA /* AppDelegate.swift in Sources */ = {isa = PBXBuildFile; fileRef = 270D0C2119C7DBBB003922CA /* AppDelegate.swift */; };
		270D0C2419C7DBBB003922CA /* ViewController.swift in Sources */ = {isa = PBXBuildFile; fileRef = 270D0C2319C7DBBB003922CA /* ViewController.swift */; };
		270D0C2719C7DBBB003922CA /* Main.storyboard in Resources */ = {isa = PBXBuildFile; fileRef = 270D0C2519C7DBBB003922CA /* Main.storyboard */; };
		270D0C2919C7DBBB003922CA /* Images.xcassets in Resources */ = {isa = PBXBuildFile; fileRef = 270D0C2819C7DBBB003922CA /* Images.xcassets */; };
		270D0C3519C7DBBC003922CA /* FacebookTests.swift in Sources */ = {isa = PBXBuildFile; fileRef = 270D0C3419C7DBBC003922CA /* FacebookTests.swift */; };
		270D0C3F19C7DFCA003922CA /* HomeFeedViewController.swift in Sources */ = {isa = PBXBuildFile; fileRef = 270D0C3E19C7DFCA003922CA /* HomeFeedViewController.swift */; };
		270D0C4119C7E19C003922CA /* RequestsViewController.swift in Sources */ = {isa = PBXBuildFile; fileRef = 270D0C4019C7E19C003922CA /* RequestsViewController.swift */; };
		270D0C4319C7E213003922CA /* MessagesViewController.swift in Sources */ = {isa = PBXBuildFile; fileRef = 270D0C4219C7E213003922CA /* MessagesViewController.swift */; };
		270D0C4519C7E2B7003922CA /* NotificationsViewController.swift in Sources */ = {isa = PBXBuildFile; fileRef = 270D0C4419C7E2B7003922CA /* NotificationsViewController.swift */; };
		270D0C4719C7E46B003922CA /* MoreViewController.swift in Sources */ = {isa = PBXBuildFile; fileRef = 270D0C4619C7E46B003922CA /* MoreViewController.swift */; };
		270D0C4919C7E740003922CA /* ThrilDetailViewController.swift in Sources */ = {isa = PBXBuildFile; fileRef = 270D0C4819C7E740003922CA /* ThrilDetailViewController.swift */; };
/* End PBXBuildFile section */

/* Begin PBXContainerItemProxy section */
		270D0C2F19C7DBBC003922CA /* PBXContainerItemProxy */ = {
			isa = PBXContainerItemProxy;
			containerPortal = 270D0C1419C7DBBB003922CA /* Project object */;
			proxyType = 1;
			remoteGlobalIDString = 270D0C1B19C7DBBB003922CA;
			remoteInfo = Facebook;
		};
/* End PBXContainerItemProxy section */

/* Begin PBXFileReference section */
		270D0C1C19C7DBBB003922CA /* Facebook.app */ = {isa = PBXFileReference; explicitFileType = wrapper.application; includeInIndex = 0; path = Facebook.app; sourceTree = BUILT_PRODUCTS_DIR; };
		270D0C2019C7DBBB003922CA /* Info.plist */ = {isa = PBXFileReference; lastKnownFileType = text.plist.xml; path = Info.plist; sourceTree = "<group>"; };
		270D0C2119C7DBBB003922CA /* AppDelegate.swift */ = {isa = PBXFileReference; lastKnownFileType = sourcecode.swift; path = AppDelegate.swift; sourceTree = "<group>"; };
		270D0C2319C7DBBB003922CA /* ViewController.swift */ = {isa = PBXFileReference; lastKnownFileType = sourcecode.swift; path = ViewController.swift; sourceTree = "<group>"; };
		270D0C2619C7DBBB003922CA /* Base */ = {isa = PBXFileReference; lastKnownFileType = file.storyboard; name = Base; path = Base.lproj/Main.storyboard; sourceTree = "<group>"; };
		270D0C2819C7DBBB003922CA /* Images.xcassets */ = {isa = PBXFileReference; lastKnownFileType = folder.assetcatalog; path = Images.xcassets; sourceTree = "<group>"; };
		270D0C2E19C7DBBB003922CA /* FacebookTests.xctest */ = {isa = PBXFileReference; explicitFileType = wrapper.cfbundle; includeInIndex = 0; path = FacebookTests.xctest; sourceTree = BUILT_PRODUCTS_DIR; };
		270D0C3319C7DBBC003922CA /* Info.plist */ = {isa = PBXFileReference; lastKnownFileType = text.plist.xml; path = Info.plist; sourceTree = "<group>"; };
		270D0C3419C7DBBC003922CA /* FacebookTests.swift */ = {isa = PBXFileReference; lastKnownFileType = sourcecode.swift; path = FacebookTests.swift; sourceTree = "<group>"; };
		270D0C3E19C7DFCA003922CA /* HomeFeedViewController.swift */ = {isa = PBXFileReference; fileEncoding = 4; lastKnownFileType = sourcecode.swift; path = HomeFeedViewController.swift; sourceTree = "<group>"; };
		270D0C4019C7E19C003922CA /* RequestsViewController.swift */ = {isa = PBXFileReference; fileEncoding = 4; lastKnownFileType = sourcecode.swift; path = RequestsViewController.swift; sourceTree = "<group>"; };
		270D0C4219C7E213003922CA /* MessagesViewController.swift */ = {isa = PBXFileReference; fileEncoding = 4; lastKnownFileType = sourcecode.swift; path = MessagesViewController.swift; sourceTree = "<group>"; };
		270D0C4419C7E2B7003922CA /* NotificationsViewController.swift */ = {isa = PBXFileReference; fileEncoding = 4; lastKnownFileType = sourcecode.swift; path = NotificationsViewController.swift; sourceTree = "<group>"; };
		270D0C4619C7E46B003922CA /* MoreViewController.swift */ = {isa = PBXFileReference; fileEncoding = 4; lastKnownFileType = sourcecode.swift; path = MoreViewController.swift; sourceTree = "<group>"; };
		270D0C4819C7E740003922CA /* ThrilDetailViewController.swift */ = {isa = PBXFileReference; fileEncoding = 4; lastKnownFileType = sourcecode.swift; path = ThrilDetailViewController.swift; sourceTree = "<group>"; };
/* End PBXFileReference section */

/* Begin PBXFrameworksBuildPhase section */
		270D0C1919C7DBBB003922CA /* Frameworks */ = {
			isa = PBXFrameworksBuildPhase;
			buildActionMask = 2147483647;
			files = (
			);
			runOnlyForDeploymentPostprocessing = 0;
		};
		270D0C2B19C7DBBB003922CA /* Frameworks */ = {
			isa = PBXFrameworksBuildPhase;
			buildActionMask = 2147483647;
			files = (
			);
			runOnlyForDeploymentPostprocessing = 0;
		};
/* End PBXFrameworksBuildPhase section */

/* Begin PBXGroup section */
		270D0C1319C7DBBB003922CA = {
			isa = PBXGroup;
			children = (
				270D0C1E19C7DBBB003922CA /* Facebook */,
				270D0C3119C7DBBC003922CA /* FacebookTests */,
				270D0C1D19C7DBBB003922CA /* Products */,
			);
			sourceTree = "<group>";
		};
		270D0C1D19C7DBBB003922CA /* Products */ = {
			isa = PBXGroup;
			children = (
				270D0C1C19C7DBBB003922CA /* Facebook.app */,
				270D0C2E19C7DBBB003922CA /* FacebookTests.xctest */,
			);
			name = Products;
			sourceTree = "<group>";
		};
		270D0C1E19C7DBBB003922CA /* Facebook */ = {
			isa = PBXGroup;
			children = (
				270D0C2119C7DBBB003922CA /* AppDelegate.swift */,
				270D0C2319C7DBBB003922CA /* ViewController.swift */,
				270D0C2519C7DBBB003922CA /* Main.storyboard */,
				270D0C4419C7E2B7003922CA /* NotificationsViewController.swift */,
				270D0C4619C7E46B003922CA /* MoreViewController.swift */,
				270D0C4819C7E740003922CA /* ThrilDetailViewController.swift */,
				270D0C3E19C7DFCA003922CA /* HomeFeedViewController.swift */,
				270D0C4019C7E19C003922CA /* RequestsViewController.swift */,
				270D0C4219C7E213003922CA /* MessagesViewController.swift */,
				270D0C2819C7DBBB003922CA /* Images.xcassets */,
				270D0C1F19C7DBBB003922CA /* Supporting Files */,
			);
			path = Facebook;
			sourceTree = "<group>";
		};
		270D0C1F19C7DBBB003922CA /* Supporting Files */ = {
			isa = PBXGroup;
			children = (
				270D0C2019C7DBBB003922CA /* Info.plist */,
			);
			name = "Supporting Files";
			sourceTree = "<group>";
		};
		270D0C3119C7DBBC003922CA /* FacebookTests */ = {
			isa = PBXGroup;
			children = (
				270D0C3419C7DBBC003922CA /* FacebookTests.swift */,
				270D0C3219C7DBBC003922CA /* Supporting Files */,
			);
			path = FacebookTests;
			sourceTree = "<group>";
		};
		270D0C3219C7DBBC003922CA /* Supporting Files */ = {
			isa = PBXGroup;
			children = (
				270D0C3319C7DBBC003922CA /* Info.plist */,
			);
			name = "Supporting Files";
			sourceTree = "<group>";
		};
/* End PBXGroup section */

/* Begin PBXNativeTarget section */
		270D0C1B19C7DBBB003922CA /* Facebook */ = {
			isa = PBXNativeTarget;
			buildConfigurationList = 270D0C3819C7DBBC003922CA /* Build configuration list for PBXNativeTarget "Facebook" */;
			buildPhases = (
				270D0C1819C7DBBB003922CA /* Sources */,
				270D0C1919C7DBBB003922CA /* Frameworks */,
				270D0C1A19C7DBBB003922CA /* Resources */,
			);
			buildRules = (
			);
			dependencies = (
			);
			name = Facebook;
			productName = Facebook;
			productReference = 270D0C1C19C7DBBB003922CA /* Facebook.app */;
			productType = "com.apple.product-type.application";
		};
		270D0C2D19C7DBBB003922CA /* FacebookTests */ = {
			isa = PBXNativeTarget;
			buildConfigurationList = 270D0C3B19C7DBBC003922CA /* Build configuration list for PBXNativeTarget "FacebookTests" */;
			buildPhases = (
				270D0C2A19C7DBBB003922CA /* Sources */,
				270D0C2B19C7DBBB003922CA /* Frameworks */,
				270D0C2C19C7DBBB003922CA /* Resources */,
			);
			buildRules = (
			);
			dependencies = (
				270D0C3019C7DBBC003922CA /* PBXTargetDependency */,
			);
			name = FacebookTests;
			productName = FacebookTests;
			productReference = 270D0C2E19C7DBBB003922CA /* FacebookTests.xctest */;
			productType = "com.apple.product-type.bundle.unit-test";
		};
/* End PBXNativeTarget section */

/* Begin PBXProject section */
		270D0C1419C7DBBB003922CA /* Project object */ = {
			isa = PBXProject;
			attributes = {
				LastUpgradeCheck = 0600;
				ORGANIZATIONNAME = "Kyle Pickering";
				TargetAttributes = {
					270D0C1B19C7DBBB003922CA = {
						CreatedOnToolsVersion = 6.0;
					};
					270D0C2D19C7DBBB003922CA = {
						CreatedOnToolsVersion = 6.0;
						TestTargetID = 270D0C1B19C7DBBB003922CA;
					};
				};
			};
			buildConfigurationList = 270D0C1719C7DBBB003922CA /* Build configuration list for PBXProject "Facebook" */;
			compatibilityVersion = "Xcode 3.2";
			developmentRegion = English;
			hasScannedForEncodings = 0;
			knownRegions = (
				en,
				Base,
			);
			mainGroup = 270D0C1319C7DBBB003922CA;
			productRefGroup = 270D0C1D19C7DBBB003922CA /* Products */;
			projectDirPath = "";
			projectRoot = "";
			targets = (
				270D0C1B19C7DBBB003922CA /* Facebook */,
				270D0C2D19C7DBBB003922CA /* FacebookTests */,
			);
		};
/* End PBXProject section */

/* Begin PBXResourcesBuildPhase section */
		270D0C1A19C7DBBB003922CA /* Resources */ = {
			isa = PBXResourcesBuildPhase;
			buildActionMask = 2147483647;
			files = (
				270D0C2719C7DBBB003922CA /* Main.storyboard in Resources */,
				270D0C2919C7DBBB003922CA /* Images.xcassets in Resources */,
			);
			runOnlyForDeploymentPostprocessing = 0;
		};
		270D0C2C19C7DBBB003922CA /* Resources */ = {
			isa = PBXResourcesBuildPhase;
			buildActionMask = 2147483647;
			files = (
			);
			runOnlyForDeploymentPostprocessing = 0;
		};
/* End PBXResourcesBuildPhase section */

/* Begin PBXSourcesBuildPhase section */
		270D0C1819C7DBBB003922CA /* Sources */ = {
			isa = PBXSourcesBuildPhase;
			buildActionMask = 2147483647;
			files = (
				270D0C4719C7E46B003922CA /* MoreViewController.swift in Sources */,
				270D0C4319C7E213003922CA /* MessagesViewController.swift in Sources */,
				270D0C2419C7DBBB003922CA /* ViewController.swift in Sources */,
				270D0C2219C7DBBB003922CA /* AppDelegate.swift in Sources */,
				270D0C4519C7E2B7003922CA /* NotificationsViewController.swift in Sources */,
				270D0C4119C7E19C003922CA /* RequestsViewController.swift in Sources */,
				270D0C3F19C7DFCA003922CA /* HomeFeedViewController.swift in Sources */,
				270D0C4919C7E740003922CA /* ThrilDetailViewController.swift in Sources */,
			);
			runOnlyForDeploymentPostprocessing = 0;
		};
		270D0C2A19C7DBBB003922CA /* Sources */ = {
			isa = PBXSourcesBuildPhase;
			buildActionMask = 2147483647;
			files = (
				270D0C3519C7DBBC003922CA /* FacebookTests.swift in Sources */,
			);
			runOnlyForDeploymentPostprocessing = 0;
		};
/* End PBXSourcesBuildPhase section */

/* Begin PBXTargetDependency section */
		270D0C3019C7DBBC003922CA /* PBXTargetDependency */ = {
			isa = PBXTargetDependency;
			target = 270D0C1B19C7DBBB003922CA /* Facebook */;
			targetProxy = 270D0C2F19C7DBBC003922CA /* PBXContainerItemProxy */;
		};
/* End PBXTargetDependency section */

/* Begin PBXVariantGroup section */
		270D0C2519C7DBBB003922CA /* Main.storyboard */ = {
			isa = PBXVariantGroup;
			children = (
				270D0C2619C7DBBB003922CA /* Base */,
			);
			name = Main.storyboard;
			sourceTree = "<group>";
		};
/* End PBXVariantGroup section */

/* Begin XCBuildConfiguration section */
		270D0C3619C7DBBC003922CA /* Debug */ = {
			isa = XCBuildConfiguration;
			buildSettings = {
				ALWAYS_SEARCH_USER_PATHS = NO;
				CLANG_CXX_LANGUAGE_STANDARD = "gnu++0x";
				CLANG_CXX_LIBRARY = "libc++";
				CLANG_ENABLE_MODULES = YES;
				CLANG_ENABLE_OBJC_ARC = YES;
				CLANG_WARN_BOOL_CONVERSION = YES;
				CLANG_WARN_CONSTANT_CONVERSION = YES;
				CLANG_WARN_DIRECT_OBJC_ISA_USAGE = YES_ERROR;
				CLANG_WARN_EMPTY_BODY = YES;
				CLANG_WARN_ENUM_CONVERSION = YES;
				CLANG_WARN_INT_CONVERSION = YES;
				CLANG_WARN_OBJC_ROOT_CLASS = YES_ERROR;
				CLANG_WARN_UNREACHABLE_CODE = YES;
				CLANG_WARN__DUPLICATE_METHOD_MATCH = YES;
				"CODE_SIGN_IDENTITY[sdk=iphoneos*]" = "iPhone Developer";
				COPY_PHASE_STRIP = NO;
				ENABLE_STRICT_OBJC_MSGSEND = YES;
				GCC_C_LANGUAGE_STANDARD = gnu99;
				GCC_DYNAMIC_NO_PIC = NO;
				GCC_OPTIMIZATION_LEVEL = 0;
				GCC_PREPROCESSOR_DEFINITIONS = (
					"DEBUG=1",
					"$(inherited)",
				);
				GCC_SYMBOLS_PRIVATE_EXTERN = NO;
				GCC_WARN_64_TO_32_BIT_CONVERSION = YES;
				GCC_WARN_ABOUT_RETURN_TYPE = YES_ERROR;
				GCC_WARN_UNDECLARED_SELECTOR = YES;
				GCC_WARN_UNINITIALIZED_AUTOS = YES_AGGRESSIVE;
				GCC_WARN_UNUSED_FUNCTION = YES;
				GCC_WARN_UNUSED_VARIABLE = YES;
				IPHONEOS_DEPLOYMENT_TARGET = 8.0;
				MTL_ENABLE_DEBUG_INFO = YES;
				ONLY_ACTIVE_ARCH = YES;
				SDKROOT = iphoneos;
				SWIFT_OPTIMIZATION_LEVEL = "-Onone";
			};
			name = Debug;
		};
		270D0C3719C7DBBC003922CA /* Release */ = {
			isa = XCBuildConfiguration;
			buildSettings = {
				ALWAYS_SEARCH_USER_PATHS = NO;
				CLANG_CXX_LANGUAGE_STANDARD = "gnu++0x";
				CLANG_CXX_LIBRARY = "libc++";
				CLANG_ENABLE_MODULES = YES;
				CLANG_ENABLE_OBJC_ARC = YES;
				CLANG_WARN_BOOL_CONVERSION = YES;
				CLANG_WARN_CONSTANT_CONVERSION = YES;
				CLANG_WARN_DIRECT_OBJC_ISA_USAGE = YES_ERROR;
				CLANG_WARN_EMPTY_BODY = YES;
				CLANG_WARN_ENUM_CONVERSION = YES;
				CLANG_WARN_INT_CONVERSION = YES;
				CLANG_WARN_OBJC_ROOT_CLASS = YES_ERROR;
				CLANG_WARN_UNREACHABLE_CODE = YES;
				CLANG_WARN__DUPLICATE_METHOD_MATCH = YES;
				"CODE_SIGN_IDENTITY[sdk=iphoneos*]" = "iPhone Developer";
				COPY_PHASE_STRIP = YES;
				ENABLE_NS_ASSERTIONS = NO;
				ENABLE_STRICT_OBJC_MSGSEND = YES;
				GCC_C_LANGUAGE_STANDARD = gnu99;
				GCC_WARN_64_TO_32_BIT_CONVERSION = YES;
				GCC_WARN_ABOUT_RETURN_TYPE = YES_ERROR;
				GCC_WARN_UNDECLARED_SELECTOR = YES;
				GCC_WARN_UNINITIALIZED_AUTOS = YES_AGGRESSIVE;
				GCC_WARN_UNUSED_FUNCTION = YES;
				GCC_WARN_UNUSED_VARIABLE = YES;
				IPHONEOS_DEPLOYMENT_TARGET = 8.0;
				MTL_ENABLE_DEBUG_INFO = NO;
				SDKROOT = iphoneos;
				VALIDATE_PRODUCT = YES;
			};
			name = Release;
		};
		270D0C3919C7DBBC003922CA /* Debug */ = {
			isa = XCBuildConfiguration;
			buildSettings = {
				ASSETCATALOG_COMPILER_APPICON_NAME = AppIcon;
				ASSETCATALOG_COMPILER_LAUNCHIMAGE_NAME = LaunchImage;
				INFOPLIST_FILE = Facebook/Info.plist;
				LD_RUNPATH_SEARCH_PATHS = "$(inherited) @executable_path/Frameworks";
				PRODUCT_NAME = "$(TARGET_NAME)";
			};
			name = Debug;
		};
		270D0C3A19C7DBBC003922CA /* Release */ = {
			isa = XCBuildConfiguration;
			buildSettings = {
				ASSETCATALOG_COMPILER_APPICON_NAME = AppIcon;
				ASSETCATALOG_COMPILER_LAUNCHIMAGE_NAME = LaunchImage;
				INFOPLIST_FILE = Facebook/Info.plist;
				LD_RUNPATH_SEARCH_PATHS = "$(inherited) @executable_path/Frameworks";
				PRODUCT_NAME = "$(TARGET_NAME)";
			};
			name = Release;
		};
		270D0C3C19C7DBBC003922CA /* Debug */ = {
			isa = XCBuildConfiguration;
			buildSettings = {
				BUNDLE_LOADER = "$(TEST_HOST)";
				FRAMEWORK_SEARCH_PATHS = (
					"$(SDKROOT)/Developer/Library/Frameworks",
					"$(inherited)",
				);
				GCC_PREPROCESSOR_DEFINITIONS = (
					"DEBUG=1",
					"$(inherited)",
				);
				INFOPLIST_FILE = FacebookTests/Info.plist;
				LD_RUNPATH_SEARCH_PATHS = "$(inherited) @executable_path/Frameworks @loader_path/Frameworks";
				PRODUCT_NAME = "$(TARGET_NAME)";
				TEST_HOST = "$(BUILT_PRODUCTS_DIR)/Facebook.app/Facebook";
			};
			name = Debug;
		};
		270D0C3D19C7DBBC003922CA /* Release */ = {
			isa = XCBuildConfiguration;
			buildSettings = {
				BUNDLE_LOADER = "$(TEST_HOST)";
				FRAMEWORK_SEARCH_PATHS = (
					"$(SDKROOT)/Developer/Library/Frameworks",
					"$(inherited)",
				);
				INFOPLIST_FILE = FacebookTests/Info.plist;
				LD_RUNPATH_SEARCH_PATHS = "$(inherited) @executable_path/Frameworks @loader_path/Frameworks";
				PRODUCT_NAME = "$(TARGET_NAME)";
				TEST_HOST = "$(BUILT_PRODUCTS_DIR)/Facebook.app/Facebook";
			};
			name = Release;
		};
/* End XCBuildConfiguration section */

/* Begin XCConfigurationList section */
		270D0C1719C7DBBB003922CA /* Build configuration list for PBXProject "Facebook" */ = {
			isa = XCConfigurationList;
			buildConfigurations = (
				270D0C3619C7DBBC003922CA /* Debug */,
				270D0C3719C7DBBC003922CA /* Release */,
			);
			defaultConfigurationIsVisible = 0;
			defaultConfigurationName = Release;
		};
		270D0C3819C7DBBC003922CA /* Build configuration list for PBXNativeTarget "Facebook" */ = {
			isa = XCConfigurationList;
			buildConfigurations = (
				270D0C3919C7DBBC003922CA /* Debug */,
				270D0C3A19C7DBBC003922CA /* Release */,
			);
			defaultConfigurationIsVisible = 0;
		};
		270D0C3B19C7DBBC003922CA /* Build configuration list for PBXNativeTarget "FacebookTests" */ = {
			isa = XCConfigurationList;
			buildConfigurations = (
				270D0C3C19C7DBBC003922CA /* Debug */,
				270D0C3D19C7DBBC003922CA /* Release */,
			);
			defaultConfigurationIsVisible = 0;
		};
/* End XCConfigurationList section */
	};
	rootObject = 270D0C1419C7DBBB003922CA /* Project object */;
}
